
Microsoft Visual Studio Solution File, Format Version 12.00
# Visual Studio Version 17
VisualStudioVersion = 17.11.35312.102
MinimumVisualStudioVersion = 10.0.40219.1
Project("{FAE04EC0-301F-11D3-BF4B-00C04F79EFBC}") = "Ejercicio04", "Ejercicio04\Ejercicio04.csproj", "{5FE18F5F-98A7-4CD8-950B-078AAB3E2004}"
EndProject
Global
	GlobalSection(SolutionConfigurationPlatforms) = preSolution
		Debug|Any CPU = Debug|Any CPU
		Release|Any CPU = Release|Any CPU
	EndGlobalSection
	GlobalSection(ProjectConfigurationPlatforms) = postSolution
		{5FE18F5F-98A7-4CD8-950B-078AAB3E2004}.Debug|Any CPU.ActiveCfg = Debug|Any CPU
		{5FE18F5F-98A7-4CD8-950B-078AAB3E2004}.Debug|Any CPU.Build.0 = Debug|Any CPU
		{5FE18F5F-98A7-4CD8-950B-078AAB3E2004}.Release|Any CPU.ActiveCfg = Release|Any CPU
		{5FE18F5F-98A7-4CD8-950B-078AAB3E2004}.Release|Any CPU.Build.0 = Release|Any CPU
	EndGlobalSection
	GlobalSection(SolutionProperties) = preSolution
		HideSolutionNode = FALSE
	EndGlobalSection
	GlobalSection(ExtensibilityGlobals) = postSolution
		SolutionGuid = {548438B6-1B8C-43EF-A5F7-084796698ECF}
	EndGlobalSection
EndGlobal
