
Microsoft Visual Studio Solution File, Format Version 12.00
# Visual Studio Version 17
VisualStudioVersion = 17.11.35312.102
MinimumVisualStudioVersion = 10.0.40219.1
Project("{FAE04EC0-301F-11D3-BF4B-00C04F79EFBC}") = "Ejercicio05", "Ejercicio05\Ejercicio05.csproj", "{1FE8CD70-4582-465D-AD5F-C1141C6604C8}"
EndProject
Global
	GlobalSection(SolutionConfigurationPlatforms) = preSolution
		Debug|Any CPU = Debug|Any CPU
		Release|Any CPU = Release|Any CPU
	EndGlobalSection
	GlobalSection(ProjectConfigurationPlatforms) = postSolution
		{1FE8CD70-4582-465D-AD5F-C1141C6604C8}.Debug|Any CPU.ActiveCfg = Debug|Any CPU
		{1FE8CD70-4582-465D-AD5F-C1141C6604C8}.Debug|Any CPU.Build.0 = Debug|Any CPU
		{1FE8CD70-4582-465D-AD5F-C1141C6604C8}.Release|Any CPU.ActiveCfg = Release|Any CPU
		{1FE8CD70-4582-465D-AD5F-C1141C6604C8}.Release|Any CPU.Build.0 = Release|Any CPU
	EndGlobalSection
	GlobalSection(SolutionProperties) = preSolution
		HideSolutionNode = FALSE
	EndGlobalSection
	GlobalSection(ExtensibilityGlobals) = postSolution
		SolutionGuid = {3656C807-B2C7-40BE-A9B8-C98C06D46833}
	EndGlobalSection
EndGlobal
